github.com/tinywasm/fmt v0.24.4 h1:PWBbTuov+Ww/DIABb5oMfrZjz4duD36PYCoHOZqhVwo=
github.com/tinywasm/fmt v0.24.4/go.mod h1:L2GCAi6asgytPV6TVvGrRq5Ml+DkUt1Ijo5i/2J1jOY=
github.com/tinywasm/modfind v0.0.4 h1:g7EFZArEftll9pxg5VAToIltVnEMRWfE+KEjPJpsNgY=
github.com/tinywasm/modfind v0.0.4/go.mod h1:g1ZkkxCZ7vwDI5O23AMWlPJy4ctRWfWKZX/y+KMH1FM=
