github.com/tinywasm/context v0.0.18 h1:uKeiAFo6L/PikGSbUu+xcyELGoa4kXomDNwJOlhxrUE=
github.com/tinywasm/context v0.0.18/go.mod h1:3AHZHMiiVZljEGNuYMaLM2OXdZ3bXjoMCmqx3sEGXsA=
github.com/tinywasm/fetch v0.1.24 h1:UynB2NPPgYrwcRx6ZujkRUTlfUUkNs60J0O63/1FmAs=
github.com/tinywasm/fetch v0.1.24/go.mod h1:Hx9bkdjC5fcf++EWjHKUzEn2OZpUbfoXNQV8tbdC5SI=
github.com/tinywasm/fmt v0.24.4 h1:PWBbTuov+Ww/DIABb5oMfrZjz4duD36PYCoHOZqhVwo=
github.com/tinywasm/fmt v0.24.4/go.mod h1:L2GCAi6asgytPV6TVvGrRq5Ml+DkUt1Ijo5i/2J1jOY=
github.com/tinywasm/json v0.5.5 h1:XHKBQeXIkY9FhAcuJNAniOkJXkvTNN9Ho6J5v3MoUzc=
github.com/tinywasm/json v0.5.5/go.mod h1:jnlRX9vMzNR3BPytFY728h64Xs6CpTNB3F7Fsb4qn3c=
github.com/tinywasm/mcp v0.1.12 h1:3nfae2VhdZPecu61p9muLQLACaMZAUPhJWOtlXmyM3Q=
github.com/tinywasm/mcp v0.1.12/go.mod h1:7sxSqkB3lGBtozUMwfGAdW12xH33dCSCFuTEBsvRM6I=
github.com/tinywasm/orm v0.9.10 h1:+g3t9BMjcN/rL7cQrYXV1xP0AOdT5qUpSSfPvOtt998=
github.com/tinywasm/orm v0.9.10/go.mod h1:hBO5ghbX4xs4emHfOYtTzIo2nr+NU9494/TAZ/r+o0I=
github.com/tinywasm/time v0.5.0 h1:M17DNgKrMYfkCK42V6miL9AcwfN/FHghbKOSTXJrkMo=
github.com/tinywasm/time v0.5.0/go.mod h1:vxGAkKA40im4ObiTS6hcsJYiIsVVLSz/A63JC/+TwvA=
github.com/tinywasm/unixid v0.2.23 h1:Lp/TER0RwbaT7EcHbQNzXj9LOGA2VD8rC8XLYmxJBc0=
github.com/tinywasm/unixid v0.2.23/go.mod h1:5KPbI26CrW8S7rgMS46gqlLKTYPno3QH49GSB5NSLMU=
