github.com/tinywasm/context v0.0.18 h1:uKeiAFo6L/PikGSbUu+xcyELGoa4kXomDNwJOlhxrUE=
github.com/tinywasm/context v0.0.18/go.mod h1:3AHZHMiiVZljEGNuYMaLM2OXdZ3bXjoMCmqx3sEGXsA=
github.com/tinywasm/fetch v0.1.24 h1:UynB2NPPgYrwcRx6ZujkRUTlfUUkNs60J0O63/1FmAs=
github.com/tinywasm/fetch v0.1.24/go.mod h1:Hx9bkdjC5fcf++EWjHKUzEn2OZpUbfoXNQV8tbdC5SI=
github.com/tinywasm/fmt v0.25.1 h1:Ummug+ZSoxHjnlV4kx2+dFR0w+1YftWbKuWyg0EpFtw=
github.com/tinywasm/fmt v0.25.1/go.mod h1:L2GCAi6asgytPV6TVvGrRq5Ml+DkUt1Ijo5i/2J1jOY=
github.com/tinywasm/json v0.5.8 h1:z8c19JUozpj1HrMRP67eWpdkX8zOaXCL8AYgYbADNss=
github.com/tinywasm/json v0.5.8/go.mod h1:jHJY6T621NmnrqFn2ze3iaNcoMb9QWySetI30+jhFNg=
github.com/tinywasm/mcp v0.1.16 h1:/4PDwbKIZrXh0PXU4aMPIoSYU4oOH/S27JpYqQGxnQs=
github.com/tinywasm/mcp v0.1.16/go.mod h1:fs3T46XaV4cDzQs3Jwr60MKDkyeMUo30pqKSLpkzDqA=
github.com/tinywasm/model v0.0.5 h1:wbmKeOHAp71UNGevuCJTgYLWdIf94oo+RYpKL2kQc2k=
github.com/tinywasm/model v0.0.5/go.mod h1:X+zb1GzaP9gLXEFVi+GSmZ4H9+W0UQnN2K9KcxE7vTE=
github.com/tinywasm/orm v0.9.23 h1:iWxN3Ls/ZOWXU3vbbIMbbaVMEWcSRP56QWPYqRVzl5g=
github.com/tinywasm/orm v0.9.23/go.mod h1:/cQ2HutkBDjaWM5zZnsmV2LwlyzMzsrVrQEHa+i8/CA=
github.com/tinywasm/router v0.1.3 h1:RMG7+6JaRjU6sYgkCxEWkxNV26fgFDP4tnUovPIfC6o=
github.com/tinywasm/router v0.1.3/go.mod h1:GuEC1pbuKvhxQLJ3yzKuYZj/hUih+ILl3T6NSrbdidw=
github.com/tinywasm/time v0.5.0 h1:M17DNgKrMYfkCK42V6miL9AcwfN/FHghbKOSTXJrkMo=
github.com/tinywasm/time v0.5.0/go.mod h1:vxGAkKA40im4ObiTS6hcsJYiIsVVLSz/A63JC/+TwvA=
github.com/tinywasm/unixid v0.2.23 h1:Lp/TER0RwbaT7EcHbQNzXj9LOGA2VD8rC8XLYmxJBc0=
github.com/tinywasm/unixid v0.2.23/go.mod h1:5KPbI26CrW8S7rgMS46gqlLKTYPno3QH49GSB5NSLMU=
